// !$*UTF8*$!
{
  archiveVersion = 1;
  classes = {
  };
  objectVersion = 50;
  objects = {
    /* Begin PBXFileReference section */
      01 = {isa = PBXFileReference; fileEncoding = 4; lastKnownFileType = sourcecode.swift; path = ContentView.swift; sourceTree = "<group>"; };
      02 = {isa = PBXFileReference; fileEncoding = 4; lastKnownFileType = sourcecode.swift; path = AppDelegate.swift; sourceTree = "<group>"; };
      03 = {isa = PBXFileReference; fileEncoding = 4; lastKnownFileType = sourcecode.swift; path = SceneDelegate.swift; sourceTree = "<group>"; };
      04 = {isa = PBXFileReference; fileEncoding = 4; lastKnownFileType = text.plist.xml; path = Info.plist; sourceTree = "<group>"; };
      05 = {isa = PBXFileReference; explicitFileType = wrapper.application; includeInIndex = 0; path = BaymaxApp.app; sourceTree = BUILT_PRODUCTS_DIR; };
    /* End PBXFileReference section */
    /* Begin PBXGroup section */
      06 = {
        isa = PBXGroup;
        children = (
          01,
          02,
          03,
          04,
        );
        sourceTree = "<group>";
      };
    /* End PBXGroup section */
    /* Begin PBXNativeTarget section */
      07 = {
        isa = PBXNativeTarget;
        buildConfigurationList = 08;
        buildPhases = (
        );
        buildRules = (
        );
        dependencies = (
        );
        name = BaymaxApp;
        productName = BaymaxApp;
        productReference = 05;
        productType = "com.apple.product-type.application";
      };
    /* End PBXNativeTarget section */
    /* Begin XCBuildConfiguration section */
      09 = {
        isa = XCBuildConfiguration;
        buildSettings = {
          INFOPLIST_FILE = Info.plist;
          PRODUCT_BUNDLE_IDENTIFIER = com.example.Baymax;
          PRODUCT_NAME = BaymaxApp;
          SWIFT_VERSION = 5.0;
        };
        name = Release;
      };
    /* End XCBuildConfiguration section */
    /* Begin XCConfigurationList section */
      08 = {
        isa = XCConfigurationList;
        buildConfigurations = (
          09,
        );
        defaultConfigurationIsVisible = 0;
        defaultConfigurationName = Release;
      };
    /* End XCConfigurationList section */
  };
  rootObject = 10;
  /* Begin PBXProject section */
    10 = {
      isa = PBXProject;
      attributes = {
        LastUpgradeCheck = 1430;
        ORGANIZATIONNAME = "Ivan Barbero";
        TargetAttributes = {
          07 = {
            CreatedOnToolsVersion = 14.3;
          };
        };
      };
      buildConfigurationList = 08;
      compatibilityVersion = "Xcode 14.0";
      developmentRegion = en;
      hasScannedForEncodings = 0;
      knownRegions = (
        en,
        Base,
      );
      mainGroup = 06;
      productRefGroup = 06;
      projectDirPath = "";
      projectRoot = "";
      targets = (
        07,
      );
    };
  /* End PBXProject section */
}
