// !$*UTF8*$!
{
  archiveVersion = 1;
  classes = {
  };
  objectVersion = 50;
  objects = {
    /* Begin PBXBuildFile section */
    1A = {isa = PBXBuildFile; fileRef = 1B; };
    1C = {isa = PBXBuildFile; fileRef = 1D; };
    1E = {isa = PBXBuildFile; fileRef = 1F; };
    1G = {isa = PBXBuildFile; fileRef = 1H; };
    /* End PBXBuildFile section */
    /* Begin PBXFileReference section */
    1B = {isa = PBXFileReference; lastKnownFileType = sourcecode.swift; path = ../ContentView.swift; sourceTree = "<group>"; };
    1D = {isa = PBXFileReference; lastKnownFileType = sourcecode.swift; path = ../AppDelegate.swift; sourceTree = "<group>"; };
    1F = {isa = PBXFileReference; lastKnownFileType = sourcecode.swift; path = ../SceneDelegate.swift; sourceTree = "<group>"; };
    1H = {isa = PBXFileReference; lastKnownFileType = text.plist.xml; path = ../Info.plist; sourceTree = "<group>"; };
    1I = {isa = PBXFileReference; explicitFileType = wrapper.application; path = BaymaxApp.app; sourceTree = BUILT_PRODUCTS_DIR; };
    /* End PBXFileReference section */
    /* Begin PBXGroup section */
    1J = {
      isa = PBXGroup;
      children = (
        1B,
        1D,
        1F,
        1H,
      );
      sourceTree = "<group>";
    };
    /* End PBXGroup section */
    /* Begin PBXNativeTarget section */
    1K = {
      isa = PBXNativeTarget;
      buildConfigurationList = 1L;
      buildPhases = (
        {isa = PBXSourcesBuildPhase; files = (1A, 1C, 1E, 1G); runOnlyForDeploymentPostprocessing = 0; },
      );
      name = BaymaxApp;
      productName = BaymaxApp;
      productReference = 1I;
      productType = "com.apple.product-type.application";
    };
    /* End PBXNativeTarget section */
    /* Begin XCBuildConfiguration section */
    1M = {
      isa = XCBuildConfiguration;
      buildSettings = {
        INFOPLIST_FILE = Info.plist;
        PRODUCT_BUNDLE_IDENTIFIER = com.example.Baymax;
        PRODUCT_NAME = BaymaxApp;
        SWIFT_VERSION = 5.0;
        TARGETED_DEVICE_FAMILY = "1,2";
      };
      name = Release;
    };
    /* End XCBuildConfiguration section */
    /* Begin XCConfigurationList section */
    1L = {
      isa = XCConfigurationList;
      buildConfigurations = (
        1M,
      );
      defaultConfigurationIsVisible = 0;
      defaultConfigurationName = Release;
    };
    /* End XCConfigurationList section */
    /* Begin PBXProject section */
    1N = {
      isa = PBXProject;
      attributes = {
        LastUpgradeCheck = 1530;
        ORGANIZATIONNAME = "Ivan Barbero";
      };
      buildConfigurationList = 1L;
      compatibilityVersion = "Xcode 15.0";
      developmentRegion = en;
      mainGroup = 1J;
      projectDirPath = "";
      projectRoot = "";
      targets = (
        1K,
      );
    };
    /* End PBXProject section */
  };
  rootObject = 1N;
}
