// !$*UTF8*$!
{
  archiveVersion = 1;
  classes = { };
  objectVersion = 50;
  objects = {
    /* Begin PBXBuildFile section */
    1A = { isa = PBXBuildFile; fileRef = 1B; };
    /* End PBXBuildFile section */
    /* Begin PBXFileReference section */
    1B = { isa = PBXFileReference; lastKnownFileType = sourcecode.swift; path = ../ContentView.swift; sourceTree = "<group>"; };
    1C = { isa = PBXFileReference; explicitFileType = wrapper.application; path = BaymaxApp.app; sourceTree = BUILT_PRODUCTS_DIR; };
    /* End PBXFileReference section */
    /* Begin PBXGroup section */
    1D = {
      isa = PBXGroup;
      children = ( 1B );
      sourceTree = "<group>";
    };
    /* End PBXGroup section */
    /* Begin PBXNativeTarget section */
    1E = {
      isa = PBXNativeTarget;
      buildConfigurationList = 1F;
      buildPhases = ( { isa = PBXSourcesBuildPhase; files = ( 1A ); } );
      name = BaymaxApp;
      productName = BaymaxApp;
      productReference = 1C;
      productType = "com.apple.product-type.application";
    };
    /* End PBXNativeTarget section */
    /* Begin XCBuildConfiguration section */
    1G = {
      isa = XCBuildConfiguration;
      buildSettings = {
        INFOPLIST_FILE = "";
        PRODUCT_BUNDLE_IDENTIFIER = com.example.Baymax;
        PRODUCT_NAME = BaymaxApp;
        SWIFT_VERSION = 5.0;
        TARGETED_DEVICE_FAMILY = "1,2";
      };
      name = Release;
    };
    /* End XCBuildConfiguration section */
    /* Begin XCConfigurationList section */
    1F = {
      isa = XCConfigurationList;
      buildConfigurations = ( 1G );
      defaultConfigurationIsVisible = 0;
      defaultConfigurationName = Release;
    };
    /* End XCConfigurationList section */
    /* Begin PBXProject section */
    1H = {
      isa = PBXProject;
      attributes = {
        LastUpgradeCheck = 1530;
        ORGANIZATIONNAME = "Ivan Barbero";
      };
      buildConfigurationList = 1F;
      compatibilityVersion = "Xcode 15.0";
      developmentRegion = en;
      mainGroup = 1D;
      projectDirPath = "";
      projectRoot = "";
      targets = ( 1E );
    };
    /* End PBXProject section */
  };
  rootObject = 1H;
}
